
Microsoft Visual Studio Solution File, Format Version 12.00
# Visual Studio Version 17
VisualStudioVersion = 17.11.35327.3
MinimumVisualStudioVersion = 10.0.40219.1
Project("{FAE04EC0-301F-11D3-BF4B-00C04F79EFBC}") = "EmployeeManagment", "EmployeeManagment\EmployeeManagment.csproj", "{3D28DF32-8C96-4222-98B0-64F57F56D2CD}"
EndProject
Global
	GlobalSection(SolutionConfigurationPlatforms) = preSolution
		Debug|Any CPU = Debug|Any CPU
		Release|Any CPU = Release|Any CPU
	EndGlobalSection
	GlobalSection(ProjectConfigurationPlatforms) = postSolution
		{3D28DF32-8C96-4222-98B0-64F57F56D2CD}.Debug|Any CPU.ActiveCfg = Debug|Any CPU
		{3D28DF32-8C96-4222-98B0-64F57F56D2CD}.Debug|Any CPU.Build.0 = Debug|Any CPU
		{3D28DF32-8C96-4222-98B0-64F57F56D2CD}.Release|Any CPU.ActiveCfg = Release|Any CPU
		{3D28DF32-8C96-4222-98B0-64F57F56D2CD}.Release|Any CPU.Build.0 = Release|Any CPU
	EndGlobalSection
	GlobalSection(SolutionProperties) = preSolution
		HideSolutionNode = FALSE
	EndGlobalSection
	GlobalSection(ExtensibilityGlobals) = postSolution
		SolutionGuid = {06B7F207-4178-4F55-B53B-551AA83A3129}
	EndGlobalSection
EndGlobal
